
Microsoft Visual Studio Solution File, Format Version 12.00
Project("{2150E333-8FDC-42A3-9474-1A3956D46DE8}") = "Services", "Services", "{FB5ED33D-AFC9-44A4-B5D9-37C0AD0C4521}"
EndProject
Project("{2150E333-8FDC-42A3-9474-1A3956D46DE8}") = "Catalog", "Catalog", "{A7F58153-E2E6-4743-A4AF-3E828434AFC5}"
	ProjectSection(SolutionItems) = preProject
		Services\Catalog\Readme.Catalog = Services\Catalog\Readme.Catalog
	EndProjectSection
EndProject
Project("{FAE04EC0-301F-11D3-BF4B-00C04F79EFBC}") = "Catalog.API", "Services\Catalog\Catalog.API\Catalog.API.csproj", "{97FBB3B9-145C-408C-BEE2-3B0792D257E9}"
EndProject
Project("{FAE04EC0-301F-11D3-BF4B-00C04F79EFBC}") = "Catalog.Core", "Services\Catalog\Catalog.Core\Catalog.Core.csproj", "{7B138395-2693-49F5-9CF0-2E14130C4853}"
EndProject
Project("{FAE04EC0-301F-11D3-BF4B-00C04F79EFBC}") = "Catalog.Application", "Services\Catalog\Catalog.Application\Catalog.Application.csproj", "{2A64537D-6919-4494-8E1F-A43CE27F8C0B}"
EndProject
Project("{FAE04EC0-301F-11D3-BF4B-00C04F79EFBC}") = "Catalog.Infrastructure", "Services\Catalog\Catalog.Infrastructure\Catalog.Infrastructure.csproj", "{6FDD73C4-41CF-45BD-A40A-4C8168668E4A}"
EndProject
Project("{FAE04EC0-301F-11D3-BF4B-00C04F79EFBC}") = "Catalog.Test", "Services\Catalog\Catalog.Test\Catalog.Test.csproj", "{02A487D8-4C36-4B30-A4AB-E62F0CE189A3}"
EndProject
Project("{2150E333-8FDC-42A3-9474-1A3956D46DE8}") = "Basket", "Basket", "{20C91C67-C437-477B-9384-0A0561414F86}"
	ProjectSection(SolutionItems) = preProject
		Services\Basket\ReadmeBasket.txt = Services\Basket\ReadmeBasket.txt
	EndProjectSection
EndProject
Project("{FAE04EC0-301F-11D3-BF4B-00C04F79EFBC}") = "Basket.Application", "Services\Basket\Basket.Application\Basket.Application.csproj", "{4A7314BD-D3F0-4F3F-9336-B8658DB5D0EA}"
EndProject
Project("{FAE04EC0-301F-11D3-BF4B-00C04F79EFBC}") = "Basket.Core", "Services\Basket\Basket.Core\Basket.Core.csproj", "{0EC52BF3-6F11-4FE9-BBC2-7239AC3A8183}"
EndProject
Project("{FAE04EC0-301F-11D3-BF4B-00C04F79EFBC}") = "Basket.Infrastructure", "Services\Basket\Basket.Infrastructure\Basket.Infrastructure.csproj", "{3592E004-C37D-4F94-B968-06BC6E6E5F32}"
EndProject
Project("{FAE04EC0-301F-11D3-BF4B-00C04F79EFBC}") = "Basket.API", "Services\Basket\Basket.API\Basket.API.csproj", "{A49F681C-C06E-47E4-81B1-F9D71FE68284}"
EndProject
Project("{2150E333-8FDC-42A3-9474-1A3956D46DE8}") = "Discount", "Discount", "{17704AA5-91C2-4707-A358-10BE4118F2FF}"
EndProject
Project("{FAE04EC0-301F-11D3-BF4B-00C04F79EFBC}") = "Discount.Core", "Services\Discount\Discount.Core\Discount.Core.csproj", "{CF4236C2-0226-4C44-A6E3-45723DAE4DCE}"
EndProject
Project("{FAE04EC0-301F-11D3-BF4B-00C04F79EFBC}") = "Discount.Application", "Services\Discount\Discount.Application\Discount.Application.csproj", "{01E326A1-F680-4C77-A27D-EA514E965876}"
EndProject
Project("{FAE04EC0-301F-11D3-BF4B-00C04F79EFBC}") = "Discount.Infrastructure", "Services\Discount\Discount.Infrastructure\Discount.Infrastructure.csproj", "{EF0935F1-DA10-4E38-8F05-92F9A7798914}"
EndProject
Project("{FAE04EC0-301F-11D3-BF4B-00C04F79EFBC}") = "Discount.API", "Services\Discount\Discount.API\Discount.API.csproj", "{97A10DCA-090D-4D14-A857-0802A871B748}"
EndProject
Global
	GlobalSection(SolutionConfigurationPlatforms) = preSolution
		Debug|Any CPU = Debug|Any CPU
		Release|Any CPU = Release|Any CPU
	EndGlobalSection
	GlobalSection(NestedProjects) = preSolution
		{A7F58153-E2E6-4743-A4AF-3E828434AFC5} = {FB5ED33D-AFC9-44A4-B5D9-37C0AD0C4521}
		{97FBB3B9-145C-408C-BEE2-3B0792D257E9} = {A7F58153-E2E6-4743-A4AF-3E828434AFC5}
		{7B138395-2693-49F5-9CF0-2E14130C4853} = {A7F58153-E2E6-4743-A4AF-3E828434AFC5}
		{2A64537D-6919-4494-8E1F-A43CE27F8C0B} = {A7F58153-E2E6-4743-A4AF-3E828434AFC5}
		{6FDD73C4-41CF-45BD-A40A-4C8168668E4A} = {A7F58153-E2E6-4743-A4AF-3E828434AFC5}
		{02A487D8-4C36-4B30-A4AB-E62F0CE189A3} = {A7F58153-E2E6-4743-A4AF-3E828434AFC5}
		{20C91C67-C437-477B-9384-0A0561414F86} = {FB5ED33D-AFC9-44A4-B5D9-37C0AD0C4521}
		{4A7314BD-D3F0-4F3F-9336-B8658DB5D0EA} = {20C91C67-C437-477B-9384-0A0561414F86}
		{0EC52BF3-6F11-4FE9-BBC2-7239AC3A8183} = {20C91C67-C437-477B-9384-0A0561414F86}
		{3592E004-C37D-4F94-B968-06BC6E6E5F32} = {20C91C67-C437-477B-9384-0A0561414F86}
		{A49F681C-C06E-47E4-81B1-F9D71FE68284} = {20C91C67-C437-477B-9384-0A0561414F86}
		{17704AA5-91C2-4707-A358-10BE4118F2FF} = {FB5ED33D-AFC9-44A4-B5D9-37C0AD0C4521}
		{CF4236C2-0226-4C44-A6E3-45723DAE4DCE} = {17704AA5-91C2-4707-A358-10BE4118F2FF}
		{01E326A1-F680-4C77-A27D-EA514E965876} = {17704AA5-91C2-4707-A358-10BE4118F2FF}
		{EF0935F1-DA10-4E38-8F05-92F9A7798914} = {17704AA5-91C2-4707-A358-10BE4118F2FF}
		{97A10DCA-090D-4D14-A857-0802A871B748} = {17704AA5-91C2-4707-A358-10BE4118F2FF}
	EndGlobalSection
	GlobalSection(ProjectConfigurationPlatforms) = postSolution
		{97FBB3B9-145C-408C-BEE2-3B0792D257E9}.Debug|Any CPU.ActiveCfg = Debug|Any CPU
		{97FBB3B9-145C-408C-BEE2-3B0792D257E9}.Debug|Any CPU.Build.0 = Debug|Any CPU
		{97FBB3B9-145C-408C-BEE2-3B0792D257E9}.Release|Any CPU.ActiveCfg = Release|Any CPU
		{97FBB3B9-145C-408C-BEE2-3B0792D257E9}.Release|Any CPU.Build.0 = Release|Any CPU
		{7B138395-2693-49F5-9CF0-2E14130C4853}.Debug|Any CPU.ActiveCfg = Debug|Any CPU
		{7B138395-2693-49F5-9CF0-2E14130C4853}.Debug|Any CPU.Build.0 = Debug|Any CPU
		{7B138395-2693-49F5-9CF0-2E14130C4853}.Release|Any CPU.ActiveCfg = Release|Any CPU
		{7B138395-2693-49F5-9CF0-2E14130C4853}.Release|Any CPU.Build.0 = Release|Any CPU
		{2A64537D-6919-4494-8E1F-A43CE27F8C0B}.Debug|Any CPU.ActiveCfg = Debug|Any CPU
		{2A64537D-6919-4494-8E1F-A43CE27F8C0B}.Debug|Any CPU.Build.0 = Debug|Any CPU
		{2A64537D-6919-4494-8E1F-A43CE27F8C0B}.Release|Any CPU.ActiveCfg = Release|Any CPU
		{2A64537D-6919-4494-8E1F-A43CE27F8C0B}.Release|Any CPU.Build.0 = Release|Any CPU
		{6FDD73C4-41CF-45BD-A40A-4C8168668E4A}.Debug|Any CPU.ActiveCfg = Debug|Any CPU
		{6FDD73C4-41CF-45BD-A40A-4C8168668E4A}.Debug|Any CPU.Build.0 = Debug|Any CPU
		{6FDD73C4-41CF-45BD-A40A-4C8168668E4A}.Release|Any CPU.ActiveCfg = Release|Any CPU
		{6FDD73C4-41CF-45BD-A40A-4C8168668E4A}.Release|Any CPU.Build.0 = Release|Any CPU
		{02A487D8-4C36-4B30-A4AB-E62F0CE189A3}.Debug|Any CPU.ActiveCfg = Debug|Any CPU
		{02A487D8-4C36-4B30-A4AB-E62F0CE189A3}.Debug|Any CPU.Build.0 = Debug|Any CPU
		{02A487D8-4C36-4B30-A4AB-E62F0CE189A3}.Release|Any CPU.ActiveCfg = Release|Any CPU
		{02A487D8-4C36-4B30-A4AB-E62F0CE189A3}.Release|Any CPU.Build.0 = Release|Any CPU
		{4A7314BD-D3F0-4F3F-9336-B8658DB5D0EA}.Debug|Any CPU.ActiveCfg = Debug|Any CPU
		{4A7314BD-D3F0-4F3F-9336-B8658DB5D0EA}.Debug|Any CPU.Build.0 = Debug|Any CPU
		{4A7314BD-D3F0-4F3F-9336-B8658DB5D0EA}.Release|Any CPU.ActiveCfg = Release|Any CPU
		{4A7314BD-D3F0-4F3F-9336-B8658DB5D0EA}.Release|Any CPU.Build.0 = Release|Any CPU
		{0EC52BF3-6F11-4FE9-BBC2-7239AC3A8183}.Debug|Any CPU.ActiveCfg = Debug|Any CPU
		{0EC52BF3-6F11-4FE9-BBC2-7239AC3A8183}.Debug|Any CPU.Build.0 = Debug|Any CPU
		{0EC52BF3-6F11-4FE9-BBC2-7239AC3A8183}.Release|Any CPU.ActiveCfg = Release|Any CPU
		{0EC52BF3-6F11-4FE9-BBC2-7239AC3A8183}.Release|Any CPU.Build.0 = Release|Any CPU
		{3592E004-C37D-4F94-B968-06BC6E6E5F32}.Debug|Any CPU.ActiveCfg = Debug|Any CPU
		{3592E004-C37D-4F94-B968-06BC6E6E5F32}.Debug|Any CPU.Build.0 = Debug|Any CPU
		{3592E004-C37D-4F94-B968-06BC6E6E5F32}.Release|Any CPU.ActiveCfg = Release|Any CPU
		{3592E004-C37D-4F94-B968-06BC6E6E5F32}.Release|Any CPU.Build.0 = Release|Any CPU
		{A49F681C-C06E-47E4-81B1-F9D71FE68284}.Debug|Any CPU.ActiveCfg = Debug|Any CPU
		{A49F681C-C06E-47E4-81B1-F9D71FE68284}.Debug|Any CPU.Build.0 = Debug|Any CPU
		{A49F681C-C06E-47E4-81B1-F9D71FE68284}.Release|Any CPU.ActiveCfg = Release|Any CPU
		{A49F681C-C06E-47E4-81B1-F9D71FE68284}.Release|Any CPU.Build.0 = Release|Any CPU
		{CF4236C2-0226-4C44-A6E3-45723DAE4DCE}.Debug|Any CPU.ActiveCfg = Debug|Any CPU
		{CF4236C2-0226-4C44-A6E3-45723DAE4DCE}.Debug|Any CPU.Build.0 = Debug|Any CPU
		{CF4236C2-0226-4C44-A6E3-45723DAE4DCE}.Release|Any CPU.ActiveCfg = Release|Any CPU
		{CF4236C2-0226-4C44-A6E3-45723DAE4DCE}.Release|Any CPU.Build.0 = Release|Any CPU
		{01E326A1-F680-4C77-A27D-EA514E965876}.Debug|Any CPU.ActiveCfg = Debug|Any CPU
		{01E326A1-F680-4C77-A27D-EA514E965876}.Debug|Any CPU.Build.0 = Debug|Any CPU
		{01E326A1-F680-4C77-A27D-EA514E965876}.Release|Any CPU.ActiveCfg = Release|Any CPU
		{01E326A1-F680-4C77-A27D-EA514E965876}.Release|Any CPU.Build.0 = Release|Any CPU
		{EF0935F1-DA10-4E38-8F05-92F9A7798914}.Debug|Any CPU.ActiveCfg = Debug|Any CPU
		{EF0935F1-DA10-4E38-8F05-92F9A7798914}.Debug|Any CPU.Build.0 = Debug|Any CPU
		{EF0935F1-DA10-4E38-8F05-92F9A7798914}.Release|Any CPU.ActiveCfg = Release|Any CPU
		{EF0935F1-DA10-4E38-8F05-92F9A7798914}.Release|Any CPU.Build.0 = Release|Any CPU
		{97A10DCA-090D-4D14-A857-0802A871B748}.Debug|Any CPU.ActiveCfg = Debug|Any CPU
		{97A10DCA-090D-4D14-A857-0802A871B748}.Debug|Any CPU.Build.0 = Debug|Any CPU
		{97A10DCA-090D-4D14-A857-0802A871B748}.Release|Any CPU.ActiveCfg = Release|Any CPU
		{97A10DCA-090D-4D14-A857-0802A871B748}.Release|Any CPU.Build.0 = Release|Any CPU
	EndGlobalSection
EndGlobal
